// !$*UTF8*$!
{
	archiveVersion = 1;
	classes = {
	};
	objectVersion = 51;
	objects = {

/* Begin PBXBuildFile section */
		848617AC260DF4E500466CE3 /* TableStocksData.swift in Sources */ = {isa = PBXBuildFile; fileRef = 848617AB260DF4E500466CE3 /* TableStocksData.swift */; };
		848A7BE32611A35C00001C0A /* IRequest.swift in Sources */ = {isa = PBXBuildFile; fileRef = 848A7BE22611A35C00001C0A /* IRequest.swift */; };
		848A7BE62611A36D00001C0A /* IParser.swift in Sources */ = {isa = PBXBuildFile; fileRef = 848A7BE52611A36D00001C0A /* IParser.swift */; };
		848A7BE92611A38900001C0A /* DataParser.swift in Sources */ = {isa = PBXBuildFile; fileRef = 848A7BE82611A38900001C0A /* DataParser.swift */; };
		848A7BEC2611A3C300001C0A /* Request.swift in Sources */ = {isa = PBXBuildFile; fileRef = 848A7BEB2611A3C300001C0A /* Request.swift */; };
		8492712C260C6E71000C89A2 /* trendStocks.json in Resources */ = {isa = PBXBuildFile; fileRef = 8492712B260C6E71000C89A2 /* trendStocks.json */; };
		8492712F260C70EB000C89A2 /* RequestFactory.swift in Sources */ = {isa = PBXBuildFile; fileRef = 8492712E260C70EB000C89A2 /* RequestFactory.swift */; };
		84927133260C9B40000C89A2 /* StockHeaderView.swift in Sources */ = {isa = PBXBuildFile; fileRef = 84927132260C9B40000C89A2 /* StockHeaderView.swift */; };
		84927136260CC536000C89A2 /* CoreDataManager.swift in Sources */ = {isa = PBXBuildFile; fileRef = 84927135260CC536000C89A2 /* CoreDataManager.swift */; };
		8492713A260CC723000C89A2 /* YandexStocks.xcdatamodeld in Sources */ = {isa = PBXBuildFile; fileRef = 84927138260CC723000C89A2 /* YandexStocks.xcdatamodeld */; };
		84927147260CC7F2000C89A2 /* StockDB+CoreDataClass.swift in Sources */ = {isa = PBXBuildFile; fileRef = 84927145260CC7F2000C89A2 /* StockDB+CoreDataClass.swift */; };
		84927148260CC7F2000C89A2 /* StockDB+CoreDataProperties.swift in Sources */ = {isa = PBXBuildFile; fileRef = 84927146260CC7F2000C89A2 /* StockDB+CoreDataProperties.swift */; };
		849BA764260A0AEF00F79F05 /* NetworkManager.swift in Sources */ = {isa = PBXBuildFile; fileRef = 849BA763260A0AEF00F79F05 /* NetworkManager.swift */; };
		849BA767260A0DF200F79F05 /* StocksManager.swift in Sources */ = {isa = PBXBuildFile; fileRef = 849BA766260A0DF200F79F05 /* StocksManager.swift */; };
		849D147C2609D7CB0000290A /* AppDelegate.swift in Sources */ = {isa = PBXBuildFile; fileRef = 849D147B2609D7CB0000290A /* AppDelegate.swift */; };
		849D14852609D7CC0000290A /* Assets.xcassets in Resources */ = {isa = PBXBuildFile; fileRef = 849D14842609D7CC0000290A /* Assets.xcassets */; };
		849D14882609D7CC0000290A /* LaunchScreen.storyboard in Resources */ = {isa = PBXBuildFile; fileRef = 849D14862609D7CC0000290A /* LaunchScreen.storyboard */; };
		849D14A32609DD440000290A /* StockTableViewCell.swift in Sources */ = {isa = PBXBuildFile; fileRef = 849D14A12609DD440000290A /* StockTableViewCell.swift */; };
		849D14A42609DD440000290A /* StockTableViewCell.xib in Resources */ = {isa = PBXBuildFile; fileRef = 849D14A22609DD440000290A /* StockTableViewCell.xib */; };
		849D14A72609E26A0000290A /* Design.swift in Sources */ = {isa = PBXBuildFile; fileRef = 849D14A62609E26A0000290A /* Design.swift */; };
		849D14AA2609E4820000290A /* IConfigurableView.swift in Sources */ = {isa = PBXBuildFile; fileRef = 849D14A92609E4820000290A /* IConfigurableView.swift */; };
		849D14AD2609E4B70000290A /* Stock.swift in Sources */ = {isa = PBXBuildFile; fileRef = 849D14AC2609E4B70000290A /* Stock.swift */; };
		849D14B12609E6860000290A /* StocksViewController.swift in Sources */ = {isa = PBXBuildFile; fileRef = 849D14B02609E6860000290A /* StocksViewController.swift */; };
		849D14B62609E9860000290A /* Main.storyboard in Resources */ = {isa = PBXBuildFile; fileRef = 849D14B52609E9860000290A /* Main.storyboard */; };
		849D14BB2609E9CE0000290A /* StocksTableViewDataSource.swift in Sources */ = {isa = PBXBuildFile; fileRef = 849D14BA2609E9CE0000290A /* StocksTableViewDataSource.swift */; };
		849D14BE2609EA920000290A /* StocksTableViewDelegate.swift in Sources */ = {isa = PBXBuildFile; fileRef = 849D14BD2609EA920000290A /* StocksTableViewDelegate.swift */; };
		BECBFB7FE3079C09C4114F56 /* Pods_YandexStocks.framework in Frameworks */ = {isa = PBXBuildFile; fileRef = 647F561F51B54AF2B3F5F1F8 /* Pods_YandexStocks.framework */; };
		C0DC73BD260E777100B99108 /* StockDataViewController.swift in Sources */ = {isa = PBXBuildFile; fileRef = C0DC73BC260E777100B99108 /* StockDataViewController.swift */; };
		C0DC73C22610E6A000B99108 /* StockNewsTableViewCell.swift in Sources */ = {isa = PBXBuildFile; fileRef = C0DC73C02610E6A000B99108 /* StockNewsTableViewCell.swift */; };
		C0DC73C32610E6A000B99108 /* StockNewsTableViewCell.xib in Resources */ = {isa = PBXBuildFile; fileRef = C0DC73C12610E6A000B99108 /* StockNewsTableViewCell.xib */; };
		C0DC73C62610EA7400B99108 /* News.swift in Sources */ = {isa = PBXBuildFile; fileRef = C0DC73C52610EA7400B99108 /* News.swift */; };
		C0DC73CA2610EB6300B99108 /* Double+Date.swift in Sources */ = {isa = PBXBuildFile; fileRef = C0DC73C92610EB6300B99108 /* Double+Date.swift */; };
		C0DC73D32610F48100B99108 /* NewsTableViewDataSource.swift in Sources */ = {isa = PBXBuildFile; fileRef = C0DC73D22610F48100B99108 /* NewsTableViewDataSource.swift */; };
		C0DC73D62610F49400B99108 /* NewsTableViewDelegate.swift in Sources */ = {isa = PBXBuildFile; fileRef = C0DC73D52610F49400B99108 /* NewsTableViewDelegate.swift */; };
		C0DC73DB2610F62300B99108 /* NewsStockData.swift in Sources */ = {isa = PBXBuildFile; fileRef = C0DC73DA2610F62300B99108 /* NewsStockData.swift */; };
		C0DC73DE2610F65E00B99108 /* CompanyManager.swift in Sources */ = {isa = PBXBuildFile; fileRef = C0DC73DD2610F65E00B99108 /* CompanyManager.swift */; };
		C0DC73E12611013800B99108 /* Date+Format.swift in Sources */ = {isa = PBXBuildFile; fileRef = C0DC73E02611013800B99108 /* Date+Format.swift */; };
		C0DC73E626111C3400B99108 /* CompanyProfileDataSource.swift in Sources */ = {isa = PBXBuildFile; fileRef = C0DC73E526111C3400B99108 /* CompanyProfileDataSource.swift */; };
		C0DC73EA26111C3F00B99108 /* CompanyProfileDelegate.swift in Sources */ = {isa = PBXBuildFile; fileRef = C0DC73E926111C3F00B99108 /* CompanyProfileDelegate.swift */; };
		C0DC73ED26111C4A00B99108 /* CompanyProfileData.swift in Sources */ = {isa = PBXBuildFile; fileRef = C0DC73EC26111C4A00B99108 /* CompanyProfileData.swift */; };
		C0DC73F026111E1200B99108 /* CompanyProfile.swift in Sources */ = {isa = PBXBuildFile; fileRef = C0DC73EF26111E1200B99108 /* CompanyProfile.swift */; };
		C0DC73F9261121E000B99108 /* CompanyProfileTableViewCell.swift in Sources */ = {isa = PBXBuildFile; fileRef = C0DC73F7261121E000B99108 /* CompanyProfileTableViewCell.swift */; };
		C0DC73FA261121E000B99108 /* CompanyProfileTableViewCell.xib in Resources */ = {isa = PBXBuildFile; fileRef = C0DC73F8261121E000B99108 /* CompanyProfileTableViewCell.xib */; };
		C0DC740F26112E6A00B99108 /* UIView.swift in Sources */ = {isa = PBXBuildFile; fileRef = C0DC740E26112E6A00B99108 /* UIView.swift */; };
		C0DC74152611314B00B99108 /* ChartsData.swift in Sources */ = {isa = PBXBuildFile; fileRef = C0DC74142611314B00B99108 /* ChartsData.swift */; };
		C0DC74212611338600B99108 /* StockChartData.swift in Sources */ = {isa = PBXBuildFile; fileRef = C0DC74202611338600B99108 /* StockChartData.swift */; };
/* End PBXBuildFile section */

/* Begin PBXFileReference section */
		647F561F51B54AF2B3F5F1F8 /* Pods_YandexStocks.framework */ = {isa = PBXFileReference; explicitFileType = wrapper.framework; includeInIndex = 0; path = Pods_YandexStocks.framework; sourceTree = BUILT_PRODUCTS_DIR; };
		848617AB260DF4E500466CE3 /* TableStocksData.swift */ = {isa = PBXFileReference; lastKnownFileType = sourcecode.swift; path = TableStocksData.swift; sourceTree = "<group>"; };
		848A7BE22611A35C00001C0A /* IRequest.swift */ = {isa = PBXFileReference; lastKnownFileType = sourcecode.swift; path = IRequest.swift; sourceTree = "<group>"; };
		848A7BE52611A36D00001C0A /* IParser.swift */ = {isa = PBXFileReference; lastKnownFileType = sourcecode.swift; path = IParser.swift; sourceTree = "<group>"; };
		848A7BE82611A38900001C0A /* DataParser.swift */ = {isa = PBXFileReference; lastKnownFileType = sourcecode.swift; path = DataParser.swift; sourceTree = "<group>"; };
		848A7BEB2611A3C300001C0A /* Request.swift */ = {isa = PBXFileReference; lastKnownFileType = sourcecode.swift; path = Request.swift; sourceTree = "<group>"; };
		8492712B260C6E71000C89A2 /* trendStocks.json */ = {isa = PBXFileReference; lastKnownFileType = text.json; path = trendStocks.json; sourceTree = "<group>"; };
		8492712E260C70EB000C89A2 /* RequestFactory.swift */ = {isa = PBXFileReference; lastKnownFileType = sourcecode.swift; path = RequestFactory.swift; sourceTree = "<group>"; };
		84927132260C9B40000C89A2 /* StockHeaderView.swift */ = {isa = PBXFileReference; lastKnownFileType = sourcecode.swift; path = StockHeaderView.swift; sourceTree = "<group>"; };
		84927135260CC536000C89A2 /* CoreDataManager.swift */ = {isa = PBXFileReference; lastKnownFileType = sourcecode.swift; path = CoreDataManager.swift; sourceTree = "<group>"; };
		84927139260CC723000C89A2 /* YandexStocks.xcdatamodel */ = {isa = PBXFileReference; lastKnownFileType = wrapper.xcdatamodel; path = YandexStocks.xcdatamodel; sourceTree = "<group>"; };
		84927145260CC7F2000C89A2 /* StockDB+CoreDataClass.swift */ = {isa = PBXFileReference; fileEncoding = 4; lastKnownFileType = sourcecode.swift; path = "StockDB+CoreDataClass.swift"; sourceTree = "<group>"; };
		84927146260CC7F2000C89A2 /* StockDB+CoreDataProperties.swift */ = {isa = PBXFileReference; fileEncoding = 4; lastKnownFileType = sourcecode.swift; path = "StockDB+CoreDataProperties.swift"; sourceTree = "<group>"; };
		849BA763260A0AEF00F79F05 /* NetworkManager.swift */ = {isa = PBXFileReference; lastKnownFileType = sourcecode.swift; path = NetworkManager.swift; sourceTree = "<group>"; };
		849BA766260A0DF200F79F05 /* StocksManager.swift */ = {isa = PBXFileReference; lastKnownFileType = sourcecode.swift; path = StocksManager.swift; sourceTree = "<group>"; };
		849D14782609D7CB0000290A /* YandexStocks.app */ = {isa = PBXFileReference; explicitFileType = wrapper.application; includeInIndex = 0; path = YandexStocks.app; sourceTree = BUILT_PRODUCTS_DIR; };
		849D147B2609D7CB0000290A /* AppDelegate.swift */ = {isa = PBXFileReference; lastKnownFileType = sourcecode.swift; path = AppDelegate.swift; sourceTree = "<group>"; };
		849D14842609D7CC0000290A /* Assets.xcassets */ = {isa = PBXFileReference; lastKnownFileType = folder.assetcatalog; path = Assets.xcassets; sourceTree = "<group>"; };
		849D14872609D7CC0000290A /* Base */ = {isa = PBXFileReference; lastKnownFileType = file.storyboard; name = Base; path = Base.lproj/LaunchScreen.storyboard; sourceTree = "<group>"; };
		849D14892609D7CC0000290A /* Info.plist */ = {isa = PBXFileReference; lastKnownFileType = text.plist.xml; path = Info.plist; sourceTree = "<group>"; };
		849D14A12609DD440000290A /* StockTableViewCell.swift */ = {isa = PBXFileReference; lastKnownFileType = sourcecode.swift; path = StockTableViewCell.swift; sourceTree = "<group>"; };
		849D14A22609DD440000290A /* StockTableViewCell.xib */ = {isa = PBXFileReference; lastKnownFileType = file.xib; path = StockTableViewCell.xib; sourceTree = "<group>"; };
		849D14A62609E26A0000290A /* Design.swift */ = {isa = PBXFileReference; lastKnownFileType = sourcecode.swift; path = Design.swift; sourceTree = "<group>"; };
		849D14A92609E4820000290A /* IConfigurableView.swift */ = {isa = PBXFileReference; lastKnownFileType = sourcecode.swift; path = IConfigurableView.swift; sourceTree = "<group>"; };
		849D14AC2609E4B70000290A /* Stock.swift */ = {isa = PBXFileReference; lastKnownFileType = sourcecode.swift; path = Stock.swift; sourceTree = "<group>"; };
		849D14B02609E6860000290A /* StocksViewController.swift */ = {isa = PBXFileReference; lastKnownFileType = sourcecode.swift; path = StocksViewController.swift; sourceTree = "<group>"; };
		849D14B52609E9860000290A /* Main.storyboard */ = {isa = PBXFileReference; fileEncoding = 4; lastKnownFileType = file.storyboard; path = Main.storyboard; sourceTree = "<group>"; };
		849D14BA2609E9CE0000290A /* StocksTableViewDataSource.swift */ = {isa = PBXFileReference; lastKnownFileType = sourcecode.swift; path = StocksTableViewDataSource.swift; sourceTree = "<group>"; };
		849D14BD2609EA920000290A /* StocksTableViewDelegate.swift */ = {isa = PBXFileReference; lastKnownFileType = sourcecode.swift; path = StocksTableViewDelegate.swift; sourceTree = "<group>"; };
		9FE96C15C8CBF222161D523D /* Pods-YandexStocks.debug.xcconfig */ = {isa = PBXFileReference; includeInIndex = 1; lastKnownFileType = text.xcconfig; name = "Pods-YandexStocks.debug.xcconfig"; path = "Target Support Files/Pods-YandexStocks/Pods-YandexStocks.debug.xcconfig"; sourceTree = "<group>"; };
		C0DC73BC260E777100B99108 /* StockDataViewController.swift */ = {isa = PBXFileReference; lastKnownFileType = sourcecode.swift; path = StockDataViewController.swift; sourceTree = "<group>"; };
		C0DC73C02610E6A000B99108 /* StockNewsTableViewCell.swift */ = {isa = PBXFileReference; lastKnownFileType = sourcecode.swift; path = StockNewsTableViewCell.swift; sourceTree = "<group>"; };
		C0DC73C12610E6A000B99108 /* StockNewsTableViewCell.xib */ = {isa = PBXFileReference; lastKnownFileType = file.xib; path = StockNewsTableViewCell.xib; sourceTree = "<group>"; };
		C0DC73C52610EA7400B99108 /* News.swift */ = {isa = PBXFileReference; lastKnownFileType = sourcecode.swift; path = News.swift; sourceTree = "<group>"; };
		C0DC73C92610EB6300B99108 /* Double+Date.swift */ = {isa = PBXFileReference; lastKnownFileType = sourcecode.swift; path = "Double+Date.swift"; sourceTree = "<group>"; };
		C0DC73D22610F48100B99108 /* NewsTableViewDataSource.swift */ = {isa = PBXFileReference; lastKnownFileType = sourcecode.swift; path = NewsTableViewDataSource.swift; sourceTree = "<group>"; };
		C0DC73D52610F49400B99108 /* NewsTableViewDelegate.swift */ = {isa = PBXFileReference; lastKnownFileType = sourcecode.swift; path = NewsTableViewDelegate.swift; sourceTree = "<group>"; };
		C0DC73DA2610F62300B99108 /* NewsStockData.swift */ = {isa = PBXFileReference; lastKnownFileType = sourcecode.swift; path = NewsStockData.swift; sourceTree = "<group>"; };
		C0DC73DD2610F65E00B99108 /* CompanyManager.swift */ = {isa = PBXFileReference; lastKnownFileType = sourcecode.swift; path = CompanyManager.swift; sourceTree = "<group>"; };
		C0DC73E02611013800B99108 /* Date+Format.swift */ = {isa = PBXFileReference; lastKnownFileType = sourcecode.swift; path = "Date+Format.swift"; sourceTree = "<group>"; };
		C0DC73E526111C3400B99108 /* CompanyProfileDataSource.swift */ = {isa = PBXFileReference; lastKnownFileType = sourcecode.swift; path = CompanyProfileDataSource.swift; sourceTree = "<group>"; };
		C0DC73E926111C3F00B99108 /* CompanyProfileDelegate.swift */ = {isa = PBXFileReference; lastKnownFileType = sourcecode.swift; path = CompanyProfileDelegate.swift; sourceTree = "<group>"; };
		C0DC73EC26111C4A00B99108 /* CompanyProfileData.swift */ = {isa = PBXFileReference; lastKnownFileType = sourcecode.swift; path = CompanyProfileData.swift; sourceTree = "<group>"; };
		C0DC73EF26111E1200B99108 /* CompanyProfile.swift */ = {isa = PBXFileReference; lastKnownFileType = sourcecode.swift; path = CompanyProfile.swift; sourceTree = "<group>"; };
		C0DC73F7261121E000B99108 /* CompanyProfileTableViewCell.swift */ = {isa = PBXFileReference; lastKnownFileType = sourcecode.swift; path = CompanyProfileTableViewCell.swift; sourceTree = "<group>"; };
		C0DC73F8261121E000B99108 /* CompanyProfileTableViewCell.xib */ = {isa = PBXFileReference; lastKnownFileType = file.xib; path = CompanyProfileTableViewCell.xib; sourceTree = "<group>"; };
		C0DC740E26112E6A00B99108 /* UIView.swift */ = {isa = PBXFileReference; lastKnownFileType = sourcecode.swift; path = UIView.swift; sourceTree = "<group>"; };
		C0DC74142611314B00B99108 /* ChartsData.swift */ = {isa = PBXFileReference; lastKnownFileType = sourcecode.swift; path = ChartsData.swift; sourceTree = "<group>"; };
		C0DC74202611338600B99108 /* StockChartData.swift */ = {isa = PBXFileReference; lastKnownFileType = sourcecode.swift; path = StockChartData.swift; sourceTree = "<group>"; };
		CC241151DB367790E554CBEB /* Pods-YandexStocks.release.xcconfig */ = {isa = PBXFileReference; includeInIndex = 1; lastKnownFileType = text.xcconfig; name = "Pods-YandexStocks.release.xcconfig"; path = "Target Support Files/Pods-YandexStocks/Pods-YandexStocks.release.xcconfig"; sourceTree = "<group>"; };
/* End PBXFileReference section */

/* Begin PBXFrameworksBuildPhase section */
		849D14752609D7CB0000290A /* Frameworks */ = {
			isa = PBXFrameworksBuildPhase;
			buildActionMask = 2147483647;
			files = (
				BECBFB7FE3079C09C4114F56 /* Pods_YandexStocks.framework in Frameworks */,
			);
			runOnlyForDeploymentPostprocessing = 0;
		};
/* End PBXFrameworksBuildPhase section */

/* Begin PBXGroup section */
		687A32687909234300DDDE1D /* Pods */ = {
			isa = PBXGroup;
			children = (
				9FE96C15C8CBF222161D523D /* Pods-YandexStocks.debug.xcconfig */,
				CC241151DB367790E554CBEB /* Pods-YandexStocks.release.xcconfig */,
			);
			path = Pods;
			sourceTree = "<group>";
		};
		848617B0260DF50200466CE3 /* StocksTableVC */ = {
			isa = PBXGroup;
			children = (
				848617AB260DF4E500466CE3 /* TableStocksData.swift */,
				849D14BA2609E9CE0000290A /* StocksTableViewDataSource.swift */,
				849D14BD2609EA920000290A /* StocksTableViewDelegate.swift */,
			);
			path = StocksTableVC;
			sourceTree = "<group>";
		};
		84927144260CC7D7000C89A2 /* CoreData */ = {
			isa = PBXGroup;
			children = (
				84927138260CC723000C89A2 /* YandexStocks.xcdatamodeld */,
				84927145260CC7F2000C89A2 /* StockDB+CoreDataClass.swift */,
				84927146260CC7F2000C89A2 /* StockDB+CoreDataProperties.swift */,
			);
			path = CoreData;
			sourceTree = "<group>";
		};
		849D146F2609D7CB0000290A = {
			isa = PBXGroup;
			children = (
				849D147A2609D7CB0000290A /* YandexStocks */,
				849D14792609D7CB0000290A /* Products */,
				687A32687909234300DDDE1D /* Pods */,
				A4D19B69AD92B8B445621807 /* Frameworks */,
			);
			sourceTree = "<group>";
		};
		849D14792609D7CB0000290A /* Products */ = {
			isa = PBXGroup;
			children = (
				849D14782609D7CB0000290A /* YandexStocks.app */,
			);
			name = Products;
			sourceTree = "<group>";
		};
		849D147A2609D7CB0000290A /* YandexStocks */ = {
			isa = PBXGroup;
			children = (
				C0DC73C82610EB4800B99108 /* Helpers */,
				849D14892609D7CC0000290A /* Info.plist */,
				849D14972609D9680000290A /* Recources */,
				849D14962609D9640000290A /* Controller */,
				849D14952609D9600000290A /* View */,
				849D14942609D95C0000290A /* Model */,
				849D147B2609D7CB0000290A /* AppDelegate.swift */,
				849D14A62609E26A0000290A /* Design.swift */,
			);
			path = YandexStocks;
			sourceTree = "<group>";
		};
		849D14942609D95C0000290A /* Model */ = {
			isa = PBXGroup;
			children = (
				C0DC741A2611320F00B99108 /* Network */,
				C0DC7418261131F000B99108 /* Managers */,
				C0DC73CD2610F45900B99108 /* StockDataVC */,
				848617B0260DF50200466CE3 /* StocksTableVC */,
				84927144260CC7D7000C89A2 /* CoreData */,
				849D14AC2609E4B70000290A /* Stock.swift */,
				C0DC73C52610EA7400B99108 /* News.swift */,
				C0DC73EF26111E1200B99108 /* CompanyProfile.swift */,
				C0DC74202611338600B99108 /* StockChartData.swift */,
			);
			path = Model;
			sourceTree = "<group>";
		};
		849D14952609D9600000290A /* View */ = {
			isa = PBXGroup;
			children = (
				849D14A12609DD440000290A /* StockTableViewCell.swift */,
				849D14A22609DD440000290A /* StockTableViewCell.xib */,
				849D14A92609E4820000290A /* IConfigurableView.swift */,
				84927132260C9B40000C89A2 /* StockHeaderView.swift */,
				C0DC73C02610E6A000B99108 /* StockNewsTableViewCell.swift */,
				C0DC73C12610E6A000B99108 /* StockNewsTableViewCell.xib */,
				C0DC73F7261121E000B99108 /* CompanyProfileTableViewCell.swift */,
				C0DC73F8261121E000B99108 /* CompanyProfileTableViewCell.xib */,
			);
			path = View;
			sourceTree = "<group>";
		};
		849D14962609D9640000290A /* Controller */ = {
			isa = PBXGroup;
			children = (
				849D14B02609E6860000290A /* StocksViewController.swift */,
				C0DC73BC260E777100B99108 /* StockDataViewController.swift */,
			);
			path = Controller;
			sourceTree = "<group>";
		};
		849D14972609D9680000290A /* Recources */ = {
			isa = PBXGroup;
			children = (
				849D14862609D7CC0000290A /* LaunchScreen.storyboard */,
				849D14B52609E9860000290A /* Main.storyboard */,
				849D14842609D7CC0000290A /* Assets.xcassets */,
				8492712B260C6E71000C89A2 /* trendStocks.json */,
			);
			path = Recources;
			sourceTree = "<group>";
		};
		A4D19B69AD92B8B445621807 /* Frameworks */ = {
			isa = PBXGroup;
			children = (
				647F561F51B54AF2B3F5F1F8 /* Pods_YandexStocks.framework */,
			);
			name = Frameworks;
			sourceTree = "<group>";
		};
		C0DC73C82610EB4800B99108 /* Helpers */ = {
			isa = PBXGroup;
			children = (
				C0DC740D26112E5A00B99108 /* Extension */,
			);
			path = Helpers;
			sourceTree = "<group>";
		};
		C0DC73CD2610F45900B99108 /* StockDataVC */ = {
			isa = PBXGroup;
			children = (
				C0DC74122611311800B99108 /* ChartsData */,
				C0DC73E426111C1100B99108 /* CompanySummaryData */,
				C0DC74132611312800B99108 /* News */,
			);
			path = StockDataVC;
			sourceTree = "<group>";
		};
		C0DC73E426111C1100B99108 /* CompanySummaryData */ = {
			isa = PBXGroup;
			children = (
				C0DC73EC26111C4A00B99108 /* CompanyProfileData.swift */,
				C0DC73E526111C3400B99108 /* CompanyProfileDataSource.swift */,
				C0DC73E926111C3F00B99108 /* CompanyProfileDelegate.swift */,
			);
			path = CompanySummaryData;
			sourceTree = "<group>";
		};
		C0DC740D26112E5A00B99108 /* Extension */ = {
			isa = PBXGroup;
			children = (
				C0DC73C92610EB6300B99108 /* Double+Date.swift */,
				C0DC73E02611013800B99108 /* Date+Format.swift */,
				C0DC740E26112E6A00B99108 /* UIView.swift */,
			);
			path = Extension;
			sourceTree = "<group>";
		};
		C0DC74122611311800B99108 /* ChartsData */ = {
			isa = PBXGroup;
			children = (
				C0DC74142611314B00B99108 /* ChartsData.swift */,
			);
			path = ChartsData;
			sourceTree = "<group>";
		};
		C0DC74132611312800B99108 /* News */ = {
			isa = PBXGroup;
			children = (
				C0DC73DA2610F62300B99108 /* NewsStockData.swift */,
				C0DC73D22610F48100B99108 /* NewsTableViewDataSource.swift */,
				C0DC73D52610F49400B99108 /* NewsTableViewDelegate.swift */,
			);
			path = News;
			sourceTree = "<group>";
		};
		C0DC7418261131F000B99108 /* Managers */ = {
			isa = PBXGroup;
			children = (
				84927135260CC536000C89A2 /* CoreDataManager.swift */,
				C0DC73DD2610F65E00B99108 /* CompanyManager.swift */,
				849BA766260A0DF200F79F05 /* StocksManager.swift */,
			);
			path = Managers;
			sourceTree = "<group>";
		};
		C0DC741A2611320F00B99108 /* Network */ = {
			isa = PBXGroup;
			children = (
				8492712E260C70EB000C89A2 /* RequestFactory.swift */,
				849BA763260A0AEF00F79F05 /* NetworkManager.swift */,
				848A7BE22611A35C00001C0A /* IRequest.swift */,
				848A7BE52611A36D00001C0A /* IParser.swift */,
				848A7BE82611A38900001C0A /* DataParser.swift */,
				848A7BEB2611A3C300001C0A /* Request.swift */,
			);
			path = Network;
			sourceTree = "<group>";
		};
/* End PBXGroup section */

/* Begin PBXNativeTarget section */
		849D14772609D7CB0000290A /* YandexStocks */ = {
			isa = PBXNativeTarget;
			buildConfigurationList = 849D148C2609D7CC0000290A /* Build configuration list for PBXNativeTarget "YandexStocks" */;
			buildPhases = (
				BF71DEAF92B43DF7A0A2567E /* [CP] Check Pods Manifest.lock */,
				849D14742609D7CB0000290A /* Sources */,
				849D14752609D7CB0000290A /* Frameworks */,
				849D14762609D7CB0000290A /* Resources */,
				3B6DA208450024DCDE12E912 /* [CP] Embed Pods Frameworks */,
				846422F72611AD0C00AA1E3C /* ShellScript */,
			);
			buildRules = (
			);
			dependencies = (
			);
			name = YandexStocks;
			productName = YandexStocks;
			productReference = 849D14782609D7CB0000290A /* YandexStocks.app */;
			productType = "com.apple.product-type.application";
		};
/* End PBXNativeTarget section */

/* Begin PBXProject section */
		849D14702609D7CB0000290A /* Project object */ = {
			isa = PBXProject;
			attributes = {
				LastSwiftUpdateCheck = 1240;
				LastUpgradeCheck = 1240;
				TargetAttributes = {
					849D14772609D7CB0000290A = {
						CreatedOnToolsVersion = 12.4;
					};
				};
			};
			buildConfigurationList = 849D14732609D7CB0000290A /* Build configuration list for PBXProject "YandexStocks" */;
			compatibilityVersion = "Xcode 9.3";
			developmentRegion = en;
			hasScannedForEncodings = 0;
			knownRegions = (
				en,
				Base,
			);
			mainGroup = 849D146F2609D7CB0000290A;
			productRefGroup = 849D14792609D7CB0000290A /* Products */;
			projectDirPath = "";
			projectRoot = "";
			targets = (
				849D14772609D7CB0000290A /* YandexStocks */,
			);
		};
/* End PBXProject section */

/* Begin PBXResourcesBuildPhase section */
		849D14762609D7CB0000290A /* Resources */ = {
			isa = PBXResourcesBuildPhase;
			buildActionMask = 2147483647;
			files = (
				849D14882609D7CC0000290A /* LaunchScreen.storyboard in Resources */,
				C0DC73C32610E6A000B99108 /* StockNewsTableViewCell.xib in Resources */,
				8492712C260C6E71000C89A2 /* trendStocks.json in Resources */,
				849D14852609D7CC0000290A /* Assets.xcassets in Resources */,
				849D14A42609DD440000290A /* StockTableViewCell.xib in Resources */,
				849D14B62609E9860000290A /* Main.storyboard in Resources */,
				C0DC73FA261121E000B99108 /* CompanyProfileTableViewCell.xib in Resources */,
			);
			runOnlyForDeploymentPostprocessing = 0;
		};
/* End PBXResourcesBuildPhase section */

/* Begin PBXShellScriptBuildPhase section */
		3B6DA208450024DCDE12E912 /* [CP] Embed Pods Frameworks */ = {
			isa = PBXShellScriptBuildPhase;
			buildActionMask = 2147483647;
			files = (
			);
			inputFileListPaths = (
				"${PODS_ROOT}/Target Support Files/Pods-YandexStocks/Pods-YandexStocks-frameworks-${CONFIGURATION}-input-files.xcfilelist",
			);
			name = "[CP] Embed Pods Frameworks";
			outputFileListPaths = (
				"${PODS_ROOT}/Target Support Files/Pods-YandexStocks/Pods-YandexStocks-frameworks-${CONFIGURATION}-output-files.xcfilelist",
			);
			runOnlyForDeploymentPostprocessing = 0;
			shellPath = /bin/sh;
			shellScript = "\"${PODS_ROOT}/Target Support Files/Pods-YandexStocks/Pods-YandexStocks-frameworks.sh\"\n";
			showEnvVarsInLog = 0;
		};
		846422F72611AD0C00AA1E3C /* ShellScript */ = {
			isa = PBXShellScriptBuildPhase;
			buildActionMask = 2147483647;
			files = (
			);
			inputFileListPaths = (
			);
			inputPaths = (
			);
			outputFileListPaths = (
			);
			outputPaths = (
			);
			runOnlyForDeploymentPostprocessing = 0;
			shellPath = /bin/sh;
			shellScript = "\"${PODS_ROOT}/SwiftLint/swiftlint\"\n";
		};
		BF71DEAF92B43DF7A0A2567E /* [CP] Check Pods Manifest.lock */ = {
			isa = PBXShellScriptBuildPhase;
			buildActionMask = 2147483647;
			files = (
			);
			inputFileListPaths = (
			);
			inputPaths = (
				"${PODS_PODFILE_DIR_PATH}/Podfile.lock",
				"${PODS_ROOT}/Manifest.lock",
			);
			name = "[CP] Check Pods Manifest.lock";
			outputFileListPaths = (
			);
			outputPaths = (
				"$(DERIVED_FILE_DIR)/Pods-YandexStocks-checkManifestLockResult.txt",
			);
			runOnlyForDeploymentPostprocessing = 0;
			shellPath = /bin/sh;
			shellScript = "diff \"${PODS_PODFILE_DIR_PATH}/Podfile.lock\" \"${PODS_ROOT}/Manifest.lock\" > /dev/null\nif [ $? != 0 ] ; then\n    # print error to STDERR\n    echo \"error: The sandbox is not in sync with the Podfile.lock. Run 'pod install' or update your CocoaPods installation.\" >&2\n    exit 1\nfi\n# This output is used by Xcode 'outputs' to avoid re-running this script phase.\necho \"SUCCESS\" > \"${SCRIPT_OUTPUT_FILE_0}\"\n";
			showEnvVarsInLog = 0;
		};
/* End PBXShellScriptBuildPhase section */

/* Begin PBXSourcesBuildPhase section */
		849D14742609D7CB0000290A /* Sources */ = {
			isa = PBXSourcesBuildPhase;
			buildActionMask = 2147483647;
			files = (
				C0DC740F26112E6A00B99108 /* UIView.swift in Sources */,
				C0DC73DE2610F65E00B99108 /* CompanyManager.swift in Sources */,
				C0DC73F026111E1200B99108 /* CompanyProfile.swift in Sources */,
				C0DC73C22610E6A000B99108 /* StockNewsTableViewCell.swift in Sources */,
				C0DC73DB2610F62300B99108 /* NewsStockData.swift in Sources */,
				848A7BE92611A38900001C0A /* DataParser.swift in Sources */,
				C0DC73D62610F49400B99108 /* NewsTableViewDelegate.swift in Sources */,
				8492712F260C70EB000C89A2 /* RequestFactory.swift in Sources */,
				C0DC74212611338600B99108 /* StockChartData.swift in Sources */,
				848A7BE32611A35C00001C0A /* IRequest.swift in Sources */,
				849D14B12609E6860000290A /* StocksViewController.swift in Sources */,
				849D14AA2609E4820000290A /* IConfigurableView.swift in Sources */,
				849D147C2609D7CB0000290A /* AppDelegate.swift in Sources */,
				848617AC260DF4E500466CE3 /* TableStocksData.swift in Sources */,
				849D14AD2609E4B70000290A /* Stock.swift in Sources */,
				C0DC73F9261121E000B99108 /* CompanyProfileTableViewCell.swift in Sources */,
				C0DC73CA2610EB6300B99108 /* Double+Date.swift in Sources */,
				C0DC74152611314B00B99108 /* ChartsData.swift in Sources */,
				84927147260CC7F2000C89A2 /* StockDB+CoreDataClass.swift in Sources */,
				C0DC73E12611013800B99108 /* Date+Format.swift in Sources */,
				849D14A32609DD440000290A /* StockTableViewCell.swift in Sources */,
				849BA764260A0AEF00F79F05 /* NetworkManager.swift in Sources */,
				C0DC73EA26111C3F00B99108 /* CompanyProfileDelegate.swift in Sources */,
				84927148260CC7F2000C89A2 /* StockDB+CoreDataProperties.swift in Sources */,
				C0DC73E626111C3400B99108 /* CompanyProfileDataSource.swift in Sources */,
				84927136260CC536000C89A2 /* CoreDataManager.swift in Sources */,
				849BA767260A0DF200F79F05 /* StocksManager.swift in Sources */,
				8492713A260CC723000C89A2 /* YandexStocks.xcdatamodeld in Sources */,
				C0DC73BD260E777100B99108 /* StockDataViewController.swift in Sources */,
				C0DC73D32610F48100B99108 /* NewsTableViewDataSource.swift in Sources */,
				C0DC73ED26111C4A00B99108 /* CompanyProfileData.swift in Sources */,
				848A7BEC2611A3C300001C0A /* Request.swift in Sources */,
				848A7BE62611A36D00001C0A /* IParser.swift in Sources */,
				84927133260C9B40000C89A2 /* StockHeaderView.swift in Sources */,
				849D14BE2609EA920000290A /* StocksTableViewDelegate.swift in Sources */,
				849D14BB2609E9CE0000290A /* StocksTableViewDataSource.swift in Sources */,
				C0DC73C62610EA7400B99108 /* News.swift in Sources */,
				849D14A72609E26A0000290A /* Design.swift in Sources */,
			);
			runOnlyForDeploymentPostprocessing = 0;
		};
/* End PBXSourcesBuildPhase section */

/* Begin PBXVariantGroup section */
		849D14862609D7CC0000290A /* LaunchScreen.storyboard */ = {
			isa = PBXVariantGroup;
			children = (
				849D14872609D7CC0000290A /* Base */,
			);
			name = LaunchScreen.storyboard;
			sourceTree = "<group>";
		};
/* End PBXVariantGroup section */

/* Begin XCBuildConfiguration section */
		849D148A2609D7CC0000290A /* Debug */ = {
			isa = XCBuildConfiguration;
			buildSettings = {
				ALWAYS_SEARCH_USER_PATHS = NO;
				CLANG_ANALYZER_NONNULL = YES;
				CLANG_ANALYZER_NUMBER_OBJECT_CONVERSION = YES_AGGRESSIVE;
				CLANG_CXX_LANGUAGE_STANDARD = "gnu++14";
				CLANG_CXX_LIBRARY = "libc++";
				CLANG_ENABLE_MODULES = YES;
				CLANG_ENABLE_OBJC_ARC = YES;
				CLANG_ENABLE_OBJC_WEAK = YES;
				CLANG_WARN_BLOCK_CAPTURE_AUTORELEASING = YES;
				CLANG_WARN_BOOL_CONVERSION = YES;
				CLANG_WARN_COMMA = YES;
				CLANG_WARN_CONSTANT_CONVERSION = YES;
				CLANG_WARN_DEPRECATED_OBJC_IMPLEMENTATIONS = YES;
				CLANG_WARN_DIRECT_OBJC_ISA_USAGE = YES_ERROR;
				CLANG_WARN_DOCUMENTATION_COMMENTS = YES;
				CLANG_WARN_EMPTY_BODY = YES;
				CLANG_WARN_ENUM_CONVERSION = YES;
				CLANG_WARN_INFINITE_RECURSION = YES;
				CLANG_WARN_INT_CONVERSION = YES;
				CLANG_WARN_NON_LITERAL_NULL_CONVERSION = YES;
				CLANG_WARN_OBJC_IMPLICIT_RETAIN_SELF = YES;
				CLANG_WARN_OBJC_LITERAL_CONVERSION = YES;
				CLANG_WARN_OBJC_ROOT_CLASS = YES_ERROR;
				CLANG_WARN_QUOTED_INCLUDE_IN_FRAMEWORK_HEADER = YES;
				CLANG_WARN_RANGE_LOOP_ANALYSIS = YES;
				CLANG_WARN_STRICT_PROTOTYPES = YES;
				CLANG_WARN_SUSPICIOUS_MOVE = YES;
				CLANG_WARN_UNGUARDED_AVAILABILITY = YES_AGGRESSIVE;
				CLANG_WARN_UNREACHABLE_CODE = YES;
				CLANG_WARN__DUPLICATE_METHOD_MATCH = YES;
				COPY_PHASE_STRIP = NO;
				DEBUG_INFORMATION_FORMAT = dwarf;
				ENABLE_STRICT_OBJC_MSGSEND = YES;
				ENABLE_TESTABILITY = YES;
				GCC_C_LANGUAGE_STANDARD = gnu11;
				GCC_DYNAMIC_NO_PIC = NO;
				GCC_NO_COMMON_BLOCKS = YES;
				GCC_OPTIMIZATION_LEVEL = 0;
				GCC_PREPROCESSOR_DEFINITIONS = (
					"DEBUG=1",
					"$(inherited)",
				);
				GCC_WARN_64_TO_32_BIT_CONVERSION = YES;
				GCC_WARN_ABOUT_RETURN_TYPE = YES_ERROR;
				GCC_WARN_UNDECLARED_SELECTOR = YES;
				GCC_WARN_UNINITIALIZED_AUTOS = YES_AGGRESSIVE;
				GCC_WARN_UNUSED_FUNCTION = YES;
				GCC_WARN_UNUSED_VARIABLE = YES;
				IPHONEOS_DEPLOYMENT_TARGET = 13.0;
				MTL_ENABLE_DEBUG_INFO = INCLUDE_SOURCE;
				MTL_FAST_MATH = YES;
				ONLY_ACTIVE_ARCH = YES;
				SDKROOT = iphoneos;
				SWIFT_ACTIVE_COMPILATION_CONDITIONS = DEBUG;
				SWIFT_OPTIMIZATION_LEVEL = "-Onone";
			};
			name = Debug;
		};
		849D148B2609D7CC0000290A /* Release */ = {
			isa = XCBuildConfiguration;
			buildSettings = {
				ALWAYS_SEARCH_USER_PATHS = NO;
				CLANG_ANALYZER_NONNULL = YES;
				CLANG_ANALYZER_NUMBER_OBJECT_CONVERSION = YES_AGGRESSIVE;
				CLANG_CXX_LANGUAGE_STANDARD = "gnu++14";
				CLANG_CXX_LIBRARY = "libc++";
				CLANG_ENABLE_MODULES = YES;
				CLANG_ENABLE_OBJC_ARC = YES;
				CLANG_ENABLE_OBJC_WEAK = YES;
				CLANG_WARN_BLOCK_CAPTURE_AUTORELEASING = YES;
				CLANG_WARN_BOOL_CONVERSION = YES;
				CLANG_WARN_COMMA = YES;
				CLANG_WARN_CONSTANT_CONVERSION = YES;
				CLANG_WARN_DEPRECATED_OBJC_IMPLEMENTATIONS = YES;
				CLANG_WARN_DIRECT_OBJC_ISA_USAGE = YES_ERROR;
				CLANG_WARN_DOCUMENTATION_COMMENTS = YES;
				CLANG_WARN_EMPTY_BODY = YES;
				CLANG_WARN_ENUM_CONVERSION = YES;
				CLANG_WARN_INFINITE_RECURSION = YES;
				CLANG_WARN_INT_CONVERSION = YES;
				CLANG_WARN_NON_LITERAL_NULL_CONVERSION = YES;
				CLANG_WARN_OBJC_IMPLICIT_RETAIN_SELF = YES;
				CLANG_WARN_OBJC_LITERAL_CONVERSION = YES;
				CLANG_WARN_OBJC_ROOT_CLASS = YES_ERROR;
				CLANG_WARN_QUOTED_INCLUDE_IN_FRAMEWORK_HEADER = YES;
				CLANG_WARN_RANGE_LOOP_ANALYSIS = YES;
				CLANG_WARN_STRICT_PROTOTYPES = YES;
				CLANG_WARN_SUSPICIOUS_MOVE = YES;
				CLANG_WARN_UNGUARDED_AVAILABILITY = YES_AGGRESSIVE;
				CLANG_WARN_UNREACHABLE_CODE = YES;
				CLANG_WARN__DUPLICATE_METHOD_MATCH = YES;
				COPY_PHASE_STRIP = NO;
				DEBUG_INFORMATION_FORMAT = "dwarf-with-dsym";
				ENABLE_NS_ASSERTIONS = NO;
				ENABLE_STRICT_OBJC_MSGSEND = YES;
				GCC_C_LANGUAGE_STANDARD = gnu11;
				GCC_NO_COMMON_BLOCKS = YES;
				GCC_WARN_64_TO_32_BIT_CONVERSION = YES;
				GCC_WARN_ABOUT_RETURN_TYPE = YES_ERROR;
				GCC_WARN_UNDECLARED_SELECTOR = YES;
				GCC_WARN_UNINITIALIZED_AUTOS = YES_AGGRESSIVE;
				GCC_WARN_UNUSED_FUNCTION = YES;
				GCC_WARN_UNUSED_VARIABLE = YES;
				IPHONEOS_DEPLOYMENT_TARGET = 13.0;
				MTL_ENABLE_DEBUG_INFO = NO;
				MTL_FAST_MATH = YES;
				SDKROOT = iphoneos;
				SWIFT_COMPILATION_MODE = wholemodule;
				SWIFT_OPTIMIZATION_LEVEL = "-O";
				VALIDATE_PRODUCT = YES;
			};
			name = Release;
		};
		849D148D2609D7CC0000290A /* Debug */ = {
			isa = XCBuildConfiguration;
			baseConfigurationReference = 9FE96C15C8CBF222161D523D /* Pods-YandexStocks.debug.xcconfig */;
			buildSettings = {
				ASSETCATALOG_COMPILER_APPICON_NAME = AppIcon;
				ASSETCATALOG_COMPILER_GLOBAL_ACCENT_COLOR_NAME = AccentColor;
				CODE_SIGN_IDENTITY = "Apple Development";
				CODE_SIGN_STYLE = Automatic;
				DEVELOPMENT_TEAM = URTF63URRB;
				INFOPLIST_FILE = YandexStocks/Info.plist;
				IPHONEOS_DEPLOYMENT_TARGET = 13.0;
				LD_RUNPATH_SEARCH_PATHS = (
					"$(inherited)",
					"@executable_path/Frameworks",
				);
				PRODUCT_BUNDLE_IDENTIFIER = com.Dmitriy.yandexStocks.YandexStocks;
				PRODUCT_NAME = "$(TARGET_NAME)";
				PROVISIONING_PROFILE_SPECIFIER = "";
				SWIFT_VERSION = 5.0;
				TARGETED_DEVICE_FAMILY = 1;
			};
			name = Debug;
		};
		849D148E2609D7CC0000290A /* Release */ = {
			isa = XCBuildConfiguration;
			baseConfigurationReference = CC241151DB367790E554CBEB /* Pods-YandexStocks.release.xcconfig */;
			buildSettings = {
				ASSETCATALOG_COMPILER_APPICON_NAME = AppIcon;
				ASSETCATALOG_COMPILER_GLOBAL_ACCENT_COLOR_NAME = AccentColor;
				CODE_SIGN_IDENTITY = "Apple Development";
				CODE_SIGN_STYLE = Automatic;
				DEVELOPMENT_TEAM = URTF63URRB;
				INFOPLIST_FILE = YandexStocks/Info.plist;
				IPHONEOS_DEPLOYMENT_TARGET = 13.0;
				LD_RUNPATH_SEARCH_PATHS = (
					"$(inherited)",
					"@executable_path/Frameworks",
				);
				PRODUCT_BUNDLE_IDENTIFIER = com.Dmitriy.yandexStocks.YandexStocks;
				PRODUCT_NAME = "$(TARGET_NAME)";
				PROVISIONING_PROFILE_SPECIFIER = "";
				SWIFT_VERSION = 5.0;
				TARGETED_DEVICE_FAMILY = 1;
			};
			name = Release;
		};
/* End XCBuildConfiguration section */

/* Begin XCConfigurationList section */
		849D14732609D7CB0000290A /* Build configuration list for PBXProject "YandexStocks" */ = {
			isa = XCConfigurationList;
			buildConfigurations = (
				849D148A2609D7CC0000290A /* Debug */,
				849D148B2609D7CC0000290A /* Release */,
			);
			defaultConfigurationIsVisible = 0;
			defaultConfigurationName = Release;
		};
		849D148C2609D7CC0000290A /* Build configuration list for PBXNativeTarget "YandexStocks" */ = {
			isa = XCConfigurationList;
			buildConfigurations = (
				849D148D2609D7CC0000290A /* Debug */,
				849D148E2609D7CC0000290A /* Release */,
			);
			defaultConfigurationIsVisible = 0;
			defaultConfigurationName = Release;
		};
/* End XCConfigurationList section */

/* Begin XCVersionGroup section */
		84927138260CC723000C89A2 /* YandexStocks.xcdatamodeld */ = {
			isa = XCVersionGroup;
			children = (
				84927139260CC723000C89A2 /* YandexStocks.xcdatamodel */,
			);
			currentVersion = 84927139260CC723000C89A2 /* YandexStocks.xcdatamodel */;
			path = YandexStocks.xcdatamodeld;
			sourceTree = "<group>";
			versionGroupType = wrapper.xcdatamodel;
		};
/* End XCVersionGroup section */
	};
	rootObject = 849D14702609D7CB0000290A /* Project object */;
}
